// !$*UTF8*$!
{
	archiveVersion = 1;
	classes = {
	};
	objectVersion = 55;
	objects = {

/* Begin PBXBuildFile section */
		8035FDDD512DF1ECB1D17A4C /* Pods_EatGreat.framework in Frameworks */ = {isa = PBXBuildFile; fileRef = 8EACB991810C076E962378A8 /* Pods_EatGreat.framework */; };
		FD00933F2865F66C007FA97A /* AppDelegate.swift in Sources */ = {isa = PBXBuildFile; fileRef = FD00933E2865F66C007FA97A /* AppDelegate.swift */; };
		FD0093482865F66E007FA97A /* Assets.xcassets in Resources */ = {isa = PBXBuildFile; fileRef = FD0093472865F66E007FA97A /* Assets.xcassets */; };
		FD00934B2865F66E007FA97A /* LaunchScreen.storyboard in Resources */ = {isa = PBXBuildFile; fileRef = FD0093492865F66E007FA97A /* LaunchScreen.storyboard */; };
		FD0093562865F781007FA97A /* AppCoordinator.swift in Sources */ = {isa = PBXBuildFile; fileRef = FD0093552865F781007FA97A /* AppCoordinator.swift */; };
		FD00935B2865F8AF007FA97A /* UIColorExtension.swift in Sources */ = {isa = PBXBuildFile; fileRef = FD00935A2865F8AF007FA97A /* UIColorExtension.swift */; };
		FD00936028661103007FA97A /* BaseViewController.swift in Sources */ = {isa = PBXBuildFile; fileRef = FD00935F28661103007FA97A /* BaseViewController.swift */; };
		FD0093622866115C007FA97A /* OnBoardingViewController.swift in Sources */ = {isa = PBXBuildFile; fileRef = FD0093612866115C007FA97A /* OnBoardingViewController.swift */; };
		FD009368286611D6007FA97A /* ThemeButton.swift in Sources */ = {isa = PBXBuildFile; fileRef = FD009365286611D6007FA97A /* ThemeButton.swift */; };
		FD00936B28661508007FA97A /* UIFontExtension.swift in Sources */ = {isa = PBXBuildFile; fileRef = FD00936A28661508007FA97A /* UIFontExtension.swift */; };
		FD00936D2866189B007FA97A /* UIControlExtension.swift in Sources */ = {isa = PBXBuildFile; fileRef = FD00936C2866189B007FA97A /* UIControlExtension.swift */; };
		FD0A2445286A120C00BBF8EC /* OnBoardingScrollView.swift in Sources */ = {isa = PBXBuildFile; fileRef = FD0A2444286A120C00BBF8EC /* OnBoardingScrollView.swift */; };
		FD0A2447286A136100BBF8EC /* OnBoardingScrollIndexView.swift in Sources */ = {isa = PBXBuildFile; fileRef = FD0A2446286A136100BBF8EC /* OnBoardingScrollIndexView.swift */; };
		FD0A244C286A186800BBF8EC /* UIScrollViewExtension.swift in Sources */ = {isa = PBXBuildFile; fileRef = FD0A244B286A186800BBF8EC /* UIScrollViewExtension.swift */; };
		FD0A244E286A191000BBF8EC /* UIViewExtension.swift in Sources */ = {isa = PBXBuildFile; fileRef = FD0A244D286A191000BBF8EC /* UIViewExtension.swift */; };
		FD0A2453286A22C800BBF8EC /* Coordinator.swift in Sources */ = {isa = PBXBuildFile; fileRef = FD0A2451286A22C800BBF8EC /* Coordinator.swift */; };
		FD0A2454286A22C800BBF8EC /* BaseCoordinator.swift in Sources */ = {isa = PBXBuildFile; fileRef = FD0A2452286A22C800BBF8EC /* BaseCoordinator.swift */; };
		FD0A2458286A22FF00BBF8EC /* NavigationRouter.swift in Sources */ = {isa = PBXBuildFile; fileRef = FD0A2457286A22FF00BBF8EC /* NavigationRouter.swift */; };
		FD0A245A286A231F00BBF8EC /* OnBoardingCoordinator.swift in Sources */ = {isa = PBXBuildFile; fileRef = FD0A2459286A231F00BBF8EC /* OnBoardingCoordinator.swift */; };
		FD0A245D286C6D2600BBF8EC /* ArrayExtension.swift in Sources */ = {isa = PBXBuildFile; fileRef = FD0A244A286A178200BBF8EC /* ArrayExtension.swift */; };
		FD0A2460286C6EE100BBF8EC /* TestProgressView.swift in Sources */ = {isa = PBXBuildFile; fileRef = FD0A245F286C6EE100BBF8EC /* TestProgressView.swift */; };
		FD0A2464286C713500BBF8EC /* ProfileViewController.swift in Sources */ = {isa = PBXBuildFile; fileRef = FD0A2463286C713500BBF8EC /* ProfileViewController.swift */; };
		FD0A246A286CD66A00BBF8EC /* UIStackViewExtension.swift in Sources */ = {isa = PBXBuildFile; fileRef = FD0A2469286CD66A00BBF8EC /* UIStackViewExtension.swift */; };
		FD0A246C286E3B4400BBF8EC /* BaseViewModel.swift in Sources */ = {isa = PBXBuildFile; fileRef = FD0A246B286E3B4400BBF8EC /* BaseViewModel.swift */; };
		FD0A246F286E3B7800BBF8EC /* TestViewModel.swift in Sources */ = {isa = PBXBuildFile; fileRef = FD0A246E286E3B7800BBF8EC /* TestViewModel.swift */; };
		FD47DAE228733FA700A216EC /* ProfileInputView.swift in Sources */ = {isa = PBXBuildFile; fileRef = FD47DAE128733FA700A216EC /* ProfileInputView.swift */; };
		FD47DAE4287537CC00A216EC /* ProfileViewModel.swift in Sources */ = {isa = PBXBuildFile; fileRef = FD47DAE3287537CC00A216EC /* ProfileViewModel.swift */; };
		FD47DAE728753EBD00A216EC /* UserDefaultManager.swift in Sources */ = {isa = PBXBuildFile; fileRef = FD47DAE628753EBD00A216EC /* UserDefaultManager.swift */; };
		FD47DAEB287544B300A216EC /* ProfileDomainObject.swift in Sources */ = {isa = PBXBuildFile; fileRef = FD47DAEA287544B300A216EC /* ProfileDomainObject.swift */; };
		FD47DAEF287547CA00A216EC /* ErrorHandler.swift in Sources */ = {isa = PBXBuildFile; fileRef = FD47DAED287547CA00A216EC /* ErrorHandler.swift */; };
		FD47DAF0287547CA00A216EC /* ErrorType.swift in Sources */ = {isa = PBXBuildFile; fileRef = FD47DAEE287547CA00A216EC /* ErrorType.swift */; };
		FD47DAF22875496400A216EC /* ProgressManager.swift in Sources */ = {isa = PBXBuildFile; fileRef = FD47DAF12875496400A216EC /* ProgressManager.swift */; };
		FD62CF092878460800876B39 /* FirebaseAnalytics in Frameworks */ = {isa = PBXBuildFile; productRef = FD62CF082878460800876B39 /* FirebaseAnalytics */; };
		FD62CF0B2878460800876B39 /* FirebaseAnalyticsSwift in Frameworks */ = {isa = PBXBuildFile; productRef = FD62CF0A2878460800876B39 /* FirebaseAnalyticsSwift */; };
		FD62CF0D2878460800876B39 /* FirebaseCrashlytics in Frameworks */ = {isa = PBXBuildFile; productRef = FD62CF0C2878460800876B39 /* FirebaseCrashlytics */; };
		FD62CF0F2878460800876B39 /* FirebaseDatabase in Frameworks */ = {isa = PBXBuildFile; productRef = FD62CF0E2878460800876B39 /* FirebaseDatabase */; };
		FD62CF112878460800876B39 /* FirebaseDatabaseSwift in Frameworks */ = {isa = PBXBuildFile; productRef = FD62CF102878460800876B39 /* FirebaseDatabaseSwift */; };
		FD62CF14287846C100876B39 /* QuestionDomainObject.swift in Sources */ = {isa = PBXBuildFile; fileRef = FD62CF13287846C100876B39 /* QuestionDomainObject.swift */; };
		FD62CF16287846CC00876B39 /* QuestionRepository.swift in Sources */ = {isa = PBXBuildFile; fileRef = FD62CF15287846CC00876B39 /* QuestionRepository.swift */; };
		FD62CF182878471D00876B39 /* FirebaseFirestoreSwift in Frameworks */ = {isa = PBXBuildFile; productRef = FD62CF172878471D00876B39 /* FirebaseFirestoreSwift */; };
		FD62CF1A2878472B00876B39 /* FirebaseAuth in Frameworks */ = {isa = PBXBuildFile; productRef = FD62CF192878472B00876B39 /* FirebaseAuth */; };
		FD62CF1C28784E9800876B39 /* DataSnapshotExtension.swift in Sources */ = {isa = PBXBuildFile; fileRef = FD62CF1B28784E9800876B39 /* DataSnapshotExtension.swift */; };
		FD62CF1E28784EB800876B39 /* DictionaryExtension.swift in Sources */ = {isa = PBXBuildFile; fileRef = FD62CF1D28784EB800876B39 /* DictionaryExtension.swift */; };
		FD9E9AA0286F036F0068CADD /* TestQuestionTableViewCell.swift in Sources */ = {isa = PBXBuildFile; fileRef = FD9E9A9F286F036F0068CADD /* TestQuestionTableViewCell.swift */; };
		FD9E9AA3286F03B30068CADD /* BaseTableViewCell.swift in Sources */ = {isa = PBXBuildFile; fileRef = FD9E9AA2286F03B30068CADD /* BaseTableViewCell.swift */; };
		FD9E9AA5286F04E20068CADD /* AnswerRadioButtonGroup.swift in Sources */ = {isa = PBXBuildFile; fileRef = FD9E9AA4286F04E20068CADD /* AnswerRadioButtonGroup.swift */; };
		FDC73B5C28773A4F00E503F0 /* MainTabBarViewController.swift in Sources */ = {isa = PBXBuildFile; fileRef = FDC73B5B28773A4F00E503F0 /* MainTabBarViewController.swift */; };
		FDC73B5E28773ABB00E503F0 /* MyPhysiqueCoordinator.swift in Sources */ = {isa = PBXBuildFile; fileRef = FDC73B5D28773ABB00E503F0 /* MyPhysiqueCoordinator.swift */; };
		FDC73B6128773B1600E503F0 /* MyPhysiqueViewController.swift in Sources */ = {isa = PBXBuildFile; fileRef = FDC73B6028773B1600E503F0 /* MyPhysiqueViewController.swift */; };
		FDC73B6328773B7300E503F0 /* PlanCoordinator.swift in Sources */ = {isa = PBXBuildFile; fileRef = FDC73B6228773B7300E503F0 /* PlanCoordinator.swift */; };
		FDC73B6528773B8600E503F0 /* PersonalCoordinator.swift in Sources */ = {isa = PBXBuildFile; fileRef = FDC73B6428773B8600E503F0 /* PersonalCoordinator.swift */; };
		FDC73B6928773BA600E503F0 /* PlanViewController.swift in Sources */ = {isa = PBXBuildFile; fileRef = FDC73B6828773BA600E503F0 /* PlanViewController.swift */; };
		FDC73B6B28773BAF00E503F0 /* PersonalViewController.swift in Sources */ = {isa = PBXBuildFile; fileRef = FDC73B6A28773BAF00E503F0 /* PersonalViewController.swift */; };
		FDC73B6D2877413400E503F0 /* PersonalViewModel.swift in Sources */ = {isa = PBXBuildFile; fileRef = FDC73B6C2877413400E503F0 /* PersonalViewModel.swift */; };
		FDC73B702877423A00E503F0 /* PersonalTableViewCell.swift in Sources */ = {isa = PBXBuildFile; fileRef = FDC73B6F2877423A00E503F0 /* PersonalTableViewCell.swift */; };
		FDC73B722877E0B600E503F0 /* GoogleService-Info.plist in Resources */ = {isa = PBXBuildFile; fileRef = FDC73B712877E0B600E503F0 /* GoogleService-Info.plist */; };
		FDF9E0D92868B34D00104CDC /* TestViewController.swift in Sources */ = {isa = PBXBuildFile; fileRef = FDF9E0D82868B34D00104CDC /* TestViewController.swift */; };
/* End PBXBuildFile section */

/* Begin PBXFileReference section */
		33A89245414153DFCFD77DC8 /* Pods-EatGreat.debug.xcconfig */ = {isa = PBXFileReference; includeInIndex = 1; lastKnownFileType = text.xcconfig; name = "Pods-EatGreat.debug.xcconfig"; path = "Target Support Files/Pods-EatGreat/Pods-EatGreat.debug.xcconfig"; sourceTree = "<group>"; };
		82F66808DC5D2E087179383C /* Pods-EatGreat.release.xcconfig */ = {isa = PBXFileReference; includeInIndex = 1; lastKnownFileType = text.xcconfig; name = "Pods-EatGreat.release.xcconfig"; path = "Target Support Files/Pods-EatGreat/Pods-EatGreat.release.xcconfig"; sourceTree = "<group>"; };
		8EACB991810C076E962378A8 /* Pods_EatGreat.framework */ = {isa = PBXFileReference; explicitFileType = wrapper.framework; includeInIndex = 0; path = Pods_EatGreat.framework; sourceTree = BUILT_PRODUCTS_DIR; };
		FD00933B2865F66C007FA97A /* EatGreat.app */ = {isa = PBXFileReference; explicitFileType = wrapper.application; includeInIndex = 0; path = EatGreat.app; sourceTree = BUILT_PRODUCTS_DIR; };
		FD00933E2865F66C007FA97A /* AppDelegate.swift */ = {isa = PBXFileReference; lastKnownFileType = sourcecode.swift; path = AppDelegate.swift; sourceTree = "<group>"; };
		FD0093472865F66E007FA97A /* Assets.xcassets */ = {isa = PBXFileReference; lastKnownFileType = folder.assetcatalog; path = Assets.xcassets; sourceTree = "<group>"; };
		FD00934A2865F66E007FA97A /* Base */ = {isa = PBXFileReference; lastKnownFileType = file.storyboard; name = Base; path = Base.lproj/LaunchScreen.storyboard; sourceTree = "<group>"; };
		FD00934C2865F66E007FA97A /* Info.plist */ = {isa = PBXFileReference; lastKnownFileType = text.plist.xml; path = Info.plist; sourceTree = "<group>"; };
		FD0093552865F781007FA97A /* AppCoordinator.swift */ = {isa = PBXFileReference; fileEncoding = 4; lastKnownFileType = sourcecode.swift; path = AppCoordinator.swift; sourceTree = "<group>"; };
		FD00935A2865F8AF007FA97A /* UIColorExtension.swift */ = {isa = PBXFileReference; fileEncoding = 4; lastKnownFileType = sourcecode.swift; path = UIColorExtension.swift; sourceTree = "<group>"; };
		FD00935F28661103007FA97A /* BaseViewController.swift */ = {isa = PBXFileReference; fileEncoding = 4; lastKnownFileType = sourcecode.swift; path = BaseViewController.swift; sourceTree = "<group>"; };
		FD0093612866115C007FA97A /* OnBoardingViewController.swift */ = {isa = PBXFileReference; lastKnownFileType = sourcecode.swift; path = OnBoardingViewController.swift; sourceTree = "<group>"; };
		FD009365286611D6007FA97A /* ThemeButton.swift */ = {isa = PBXFileReference; fileEncoding = 4; lastKnownFileType = sourcecode.swift; path = ThemeButton.swift; sourceTree = "<group>"; };
		FD00936A28661508007FA97A /* UIFontExtension.swift */ = {isa = PBXFileReference; fileEncoding = 4; lastKnownFileType = sourcecode.swift; path = UIFontExtension.swift; sourceTree = "<group>"; };
		FD00936C2866189B007FA97A /* UIControlExtension.swift */ = {isa = PBXFileReference; fileEncoding = 4; lastKnownFileType = sourcecode.swift; path = UIControlExtension.swift; sourceTree = "<group>"; };
		FD0A2444286A120C00BBF8EC /* OnBoardingScrollView.swift */ = {isa = PBXFileReference; lastKnownFileType = sourcecode.swift; path = OnBoardingScrollView.swift; sourceTree = "<group>"; };
		FD0A2446286A136100BBF8EC /* OnBoardingScrollIndexView.swift */ = {isa = PBXFileReference; lastKnownFileType = sourcecode.swift; path = OnBoardingScrollIndexView.swift; sourceTree = "<group>"; };
		FD0A244A286A178200BBF8EC /* ArrayExtension.swift */ = {isa = PBXFileReference; lastKnownFileType = sourcecode.swift; path = ArrayExtension.swift; sourceTree = "<group>"; };
		FD0A244B286A186800BBF8EC /* UIScrollViewExtension.swift */ = {isa = PBXFileReference; lastKnownFileType = sourcecode.swift; path = UIScrollViewExtension.swift; sourceTree = "<group>"; };
		FD0A244D286A191000BBF8EC /* UIViewExtension.swift */ = {isa = PBXFileReference; lastKnownFileType = sourcecode.swift; path = UIViewExtension.swift; sourceTree = "<group>"; };
		FD0A2451286A22C800BBF8EC /* Coordinator.swift */ = {isa = PBXFileReference; fileEncoding = 4; lastKnownFileType = sourcecode.swift; path = Coordinator.swift; sourceTree = "<group>"; };
		FD0A2452286A22C800BBF8EC /* BaseCoordinator.swift */ = {isa = PBXFileReference; fileEncoding = 4; lastKnownFileType = sourcecode.swift; path = BaseCoordinator.swift; sourceTree = "<group>"; };
		FD0A2457286A22FF00BBF8EC /* NavigationRouter.swift */ = {isa = PBXFileReference; fileEncoding = 4; lastKnownFileType = sourcecode.swift; path = NavigationRouter.swift; sourceTree = "<group>"; };
		FD0A2459286A231F00BBF8EC /* OnBoardingCoordinator.swift */ = {isa = PBXFileReference; lastKnownFileType = sourcecode.swift; path = OnBoardingCoordinator.swift; sourceTree = "<group>"; };
		FD0A245F286C6EE100BBF8EC /* TestProgressView.swift */ = {isa = PBXFileReference; lastKnownFileType = sourcecode.swift; path = TestProgressView.swift; sourceTree = "<group>"; };
		FD0A2463286C713500BBF8EC /* ProfileViewController.swift */ = {isa = PBXFileReference; lastKnownFileType = sourcecode.swift; path = ProfileViewController.swift; sourceTree = "<group>"; };
		FD0A2469286CD66A00BBF8EC /* UIStackViewExtension.swift */ = {isa = PBXFileReference; fileEncoding = 4; lastKnownFileType = sourcecode.swift; path = UIStackViewExtension.swift; sourceTree = "<group>"; };
		FD0A246B286E3B4400BBF8EC /* BaseViewModel.swift */ = {isa = PBXFileReference; fileEncoding = 4; lastKnownFileType = sourcecode.swift; path = BaseViewModel.swift; sourceTree = "<group>"; };
		FD0A246E286E3B7800BBF8EC /* TestViewModel.swift */ = {isa = PBXFileReference; lastKnownFileType = sourcecode.swift; path = TestViewModel.swift; sourceTree = "<group>"; };
		FD47DAE128733FA700A216EC /* ProfileInputView.swift */ = {isa = PBXFileReference; lastKnownFileType = sourcecode.swift; path = ProfileInputView.swift; sourceTree = "<group>"; };
		FD47DAE3287537CC00A216EC /* ProfileViewModel.swift */ = {isa = PBXFileReference; lastKnownFileType = sourcecode.swift; path = ProfileViewModel.swift; sourceTree = "<group>"; };
		FD47DAE628753EBD00A216EC /* UserDefaultManager.swift */ = {isa = PBXFileReference; fileEncoding = 4; lastKnownFileType = sourcecode.swift; path = UserDefaultManager.swift; sourceTree = "<group>"; };
		FD47DAEA287544B300A216EC /* ProfileDomainObject.swift */ = {isa = PBXFileReference; lastKnownFileType = sourcecode.swift; path = ProfileDomainObject.swift; sourceTree = "<group>"; };
		FD47DAED287547CA00A216EC /* ErrorHandler.swift */ = {isa = PBXFileReference; fileEncoding = 4; lastKnownFileType = sourcecode.swift; path = ErrorHandler.swift; sourceTree = "<group>"; };
		FD47DAEE287547CA00A216EC /* ErrorType.swift */ = {isa = PBXFileReference; fileEncoding = 4; lastKnownFileType = sourcecode.swift; path = ErrorType.swift; sourceTree = "<group>"; };
		FD47DAF12875496400A216EC /* ProgressManager.swift */ = {isa = PBXFileReference; fileEncoding = 4; lastKnownFileType = sourcecode.swift; path = ProgressManager.swift; sourceTree = "<group>"; };
		FD62CF13287846C100876B39 /* QuestionDomainObject.swift */ = {isa = PBXFileReference; lastKnownFileType = sourcecode.swift; path = QuestionDomainObject.swift; sourceTree = "<group>"; };
		FD62CF15287846CC00876B39 /* QuestionRepository.swift */ = {isa = PBXFileReference; lastKnownFileType = sourcecode.swift; path = QuestionRepository.swift; sourceTree = "<group>"; };
		FD62CF1B28784E9800876B39 /* DataSnapshotExtension.swift */ = {isa = PBXFileReference; fileEncoding = 4; lastKnownFileType = sourcecode.swift; path = DataSnapshotExtension.swift; sourceTree = "<group>"; };
		FD62CF1D28784EB800876B39 /* DictionaryExtension.swift */ = {isa = PBXFileReference; fileEncoding = 4; lastKnownFileType = sourcecode.swift; path = DictionaryExtension.swift; sourceTree = "<group>"; };
		FD9E9A9F286F036F0068CADD /* TestQuestionTableViewCell.swift */ = {isa = PBXFileReference; lastKnownFileType = sourcecode.swift; path = TestQuestionTableViewCell.swift; sourceTree = "<group>"; };
		FD9E9AA2286F03B30068CADD /* BaseTableViewCell.swift */ = {isa = PBXFileReference; fileEncoding = 4; lastKnownFileType = sourcecode.swift; path = BaseTableViewCell.swift; sourceTree = "<group>"; };
		FD9E9AA4286F04E20068CADD /* AnswerRadioButtonGroup.swift */ = {isa = PBXFileReference; lastKnownFileType = sourcecode.swift; path = AnswerRadioButtonGroup.swift; sourceTree = "<group>"; };
		FDC73B5B28773A4F00E503F0 /* MainTabBarViewController.swift */ = {isa = PBXFileReference; lastKnownFileType = sourcecode.swift; path = MainTabBarViewController.swift; sourceTree = "<group>"; };
		FDC73B5D28773ABB00E503F0 /* MyPhysiqueCoordinator.swift */ = {isa = PBXFileReference; lastKnownFileType = sourcecode.swift; path = MyPhysiqueCoordinator.swift; sourceTree = "<group>"; };
		FDC73B6028773B1600E503F0 /* MyPhysiqueViewController.swift */ = {isa = PBXFileReference; lastKnownFileType = sourcecode.swift; path = MyPhysiqueViewController.swift; sourceTree = "<group>"; };
		FDC73B6228773B7300E503F0 /* PlanCoordinator.swift */ = {isa = PBXFileReference; lastKnownFileType = sourcecode.swift; path = PlanCoordinator.swift; sourceTree = "<group>"; };
		FDC73B6428773B8600E503F0 /* PersonalCoordinator.swift */ = {isa = PBXFileReference; lastKnownFileType = sourcecode.swift; path = PersonalCoordinator.swift; sourceTree = "<group>"; };
		FDC73B6828773BA600E503F0 /* PlanViewController.swift */ = {isa = PBXFileReference; lastKnownFileType = sourcecode.swift; path = PlanViewController.swift; sourceTree = "<group>"; };
		FDC73B6A28773BAF00E503F0 /* PersonalViewController.swift */ = {isa = PBXFileReference; lastKnownFileType = sourcecode.swift; path = PersonalViewController.swift; sourceTree = "<group>"; };
		FDC73B6C2877413400E503F0 /* PersonalViewModel.swift */ = {isa = PBXFileReference; lastKnownFileType = sourcecode.swift; path = PersonalViewModel.swift; sourceTree = "<group>"; };
		FDC73B6F2877423A00E503F0 /* PersonalTableViewCell.swift */ = {isa = PBXFileReference; lastKnownFileType = sourcecode.swift; path = PersonalTableViewCell.swift; sourceTree = "<group>"; };
		FDC73B712877E0B600E503F0 /* GoogleService-Info.plist */ = {isa = PBXFileReference; fileEncoding = 4; lastKnownFileType = text.plist.xml; path = "GoogleService-Info.plist"; sourceTree = "<group>"; };
		FDF9E0D82868B34D00104CDC /* TestViewController.swift */ = {isa = PBXFileReference; lastKnownFileType = sourcecode.swift; path = TestViewController.swift; sourceTree = "<group>"; };
/* End PBXFileReference section */

/* Begin PBXFrameworksBuildPhase section */
		FD0093382865F66C007FA97A /* Frameworks */ = {
			isa = PBXFrameworksBuildPhase;
			buildActionMask = 2147483647;
			files = (
				FD62CF112878460800876B39 /* FirebaseDatabaseSwift in Frameworks */,
				FD62CF0F2878460800876B39 /* FirebaseDatabase in Frameworks */,
				FD62CF0B2878460800876B39 /* FirebaseAnalyticsSwift in Frameworks */,
				FD62CF182878471D00876B39 /* FirebaseFirestoreSwift in Frameworks */,
				FD62CF0D2878460800876B39 /* FirebaseCrashlytics in Frameworks */,
				FD62CF092878460800876B39 /* FirebaseAnalytics in Frameworks */,
				8035FDDD512DF1ECB1D17A4C /* Pods_EatGreat.framework in Frameworks */,
				FD62CF1A2878472B00876B39 /* FirebaseAuth in Frameworks */,
			);
			runOnlyForDeploymentPostprocessing = 0;
		};
/* End PBXFrameworksBuildPhase section */

/* Begin PBXGroup section */
		84C23B9D0F79676D6118A9A6 /* Pods */ = {
			isa = PBXGroup;
			children = (
				33A89245414153DFCFD77DC8 /* Pods-EatGreat.debug.xcconfig */,
				82F66808DC5D2E087179383C /* Pods-EatGreat.release.xcconfig */,
			);
			path = Pods;
			sourceTree = "<group>";
		};
		A47EB30A20A120227A2FB348 /* Frameworks */ = {
			isa = PBXGroup;
			children = (
				8EACB991810C076E962378A8 /* Pods_EatGreat.framework */,
			);
			name = Frameworks;
			sourceTree = "<group>";
		};
		FD0093322865F66C007FA97A = {
			isa = PBXGroup;
			children = (
				FD00933D2865F66C007FA97A /* EatGreat */,
				FD00933C2865F66C007FA97A /* Products */,
				84C23B9D0F79676D6118A9A6 /* Pods */,
				A47EB30A20A120227A2FB348 /* Frameworks */,
			);
			sourceTree = "<group>";
		};
		FD00933C2865F66C007FA97A /* Products */ = {
			isa = PBXGroup;
			children = (
				FD00933B2865F66C007FA97A /* EatGreat.app */,
			);
			name = Products;
			sourceTree = "<group>";
		};
		FD00933D2865F66C007FA97A /* EatGreat */ = {
			isa = PBXGroup;
			children = (
				FD0093492865F66E007FA97A /* LaunchScreen.storyboard */,
				FD0093522865F75A007FA97A /* App */,
				FD0093542865F773007FA97A /* Coordinator */,
				FD0093572865F7BF007FA97A /* UI */,
				FD47DAE82875446B00A216EC /* Repository */,
				FD47DAE528753EA000A216EC /* Manager */,
				FD00935C2865FA0A007FA97A /* UIComponent */,
				FD0A246D286E3B4B00BBF8EC /* BaseObject */,
				FD0093582865F899007FA97A /* Extension */,
				FDC73B712877E0B600E503F0 /* GoogleService-Info.plist */,
				FD0093472865F66E007FA97A /* Assets.xcassets */,
			);
			path = EatGreat;
			sourceTree = "<group>";
		};
		FD0093522865F75A007FA97A /* App */ = {
			isa = PBXGroup;
			children = (
				FD0093532865F769007FA97A /* Config */,
				FD00933E2865F66C007FA97A /* AppDelegate.swift */,
			);
			path = App;
			sourceTree = "<group>";
		};
		FD0093532865F769007FA97A /* Config */ = {
			isa = PBXGroup;
			children = (
				FD00934C2865F66E007FA97A /* Info.plist */,
			);
			path = Config;
			sourceTree = "<group>";
		};
		FD0093542865F773007FA97A /* Coordinator */ = {
			isa = PBXGroup;
			children = (
				FD0093552865F781007FA97A /* AppCoordinator.swift */,
				FD0A244F286A229E00BBF8EC /* OnBoarding */,
				FD0A2450286A22AC00BBF8EC /* Tab */,
				FD0A2455286A22CE00BBF8EC /* Base */,
			);
			path = Coordinator;
			sourceTree = "<group>";
		};
		FD0093572865F7BF007FA97A /* UI */ = {
			isa = PBXGroup;
			children = (
				FD00935D2865FA1D007FA97A /* Onboarding */,
				FDF9E0D72868B32200104CDC /* Test */,
				FD0A2461286C710400BBF8EC /* Profile */,
				FD0A2462286C711600BBF8EC /* Tab */,
			);
			path = UI;
			sourceTree = "<group>";
		};
		FD0093582865F899007FA97A /* Extension */ = {
			isa = PBXGroup;
			children = (
				FD0A244A286A178200BBF8EC /* ArrayExtension.swift */,
				FD62CF1D28784EB800876B39 /* DictionaryExtension.swift */,
				FD62CF1B28784E9800876B39 /* DataSnapshotExtension.swift */,
				FD0093592865F8A2007FA97A /* UIKit */,
			);
			path = Extension;
			sourceTree = "<group>";
		};
		FD0093592865F8A2007FA97A /* UIKit */ = {
			isa = PBXGroup;
			children = (
				FD0A2469286CD66A00BBF8EC /* UIStackViewExtension.swift */,
				FD00936C2866189B007FA97A /* UIControlExtension.swift */,
				FD00935A2865F8AF007FA97A /* UIColorExtension.swift */,
				FD00936A28661508007FA97A /* UIFontExtension.swift */,
				FD0A244B286A186800BBF8EC /* UIScrollViewExtension.swift */,
				FD0A244D286A191000BBF8EC /* UIViewExtension.swift */,
			);
			path = UIKit;
			sourceTree = "<group>";
		};
		FD00935C2865FA0A007FA97A /* UIComponent */ = {
			isa = PBXGroup;
			children = (
				FD00935E28661103007FA97A /* ViewController */,
				FD009363286611D6007FA97A /* Button */,
			);
			path = UIComponent;
			sourceTree = "<group>";
		};
		FD00935D2865FA1D007FA97A /* Onboarding */ = {
			isa = PBXGroup;
			children = (
				FD0093612866115C007FA97A /* OnBoardingViewController.swift */,
				FD0A2443286A100100BBF8EC /* View */,
			);
			path = Onboarding;
			sourceTree = "<group>";
		};
		FD00935E28661103007FA97A /* ViewController */ = {
			isa = PBXGroup;
			children = (
			);
			path = ViewController;
			sourceTree = "<group>";
		};
		FD009363286611D6007FA97A /* Button */ = {
			isa = PBXGroup;
			children = (
				FD009365286611D6007FA97A /* ThemeButton.swift */,
			);
			path = Button;
			sourceTree = "<group>";
		};
		FD0A2443286A100100BBF8EC /* View */ = {
			isa = PBXGroup;
			children = (
				FD0A2444286A120C00BBF8EC /* OnBoardingScrollView.swift */,
				FD0A2446286A136100BBF8EC /* OnBoardingScrollIndexView.swift */,
			);
			path = View;
			sourceTree = "<group>";
		};
		FD0A244F286A229E00BBF8EC /* OnBoarding */ = {
			isa = PBXGroup;
			children = (
				FD0A2459286A231F00BBF8EC /* OnBoardingCoordinator.swift */,
			);
			path = OnBoarding;
			sourceTree = "<group>";
		};
		FD0A2450286A22AC00BBF8EC /* Tab */ = {
			isa = PBXGroup;
			children = (
				FDC73B5D28773ABB00E503F0 /* MyPhysiqueCoordinator.swift */,
				FDC73B6228773B7300E503F0 /* PlanCoordinator.swift */,
				FDC73B6428773B8600E503F0 /* PersonalCoordinator.swift */,
			);
			path = Tab;
			sourceTree = "<group>";
		};
		FD0A2455286A22CE00BBF8EC /* Base */ = {
			isa = PBXGroup;
			children = (
				FD0A2456286A22FF00BBF8EC /* Router */,
				FD0A2452286A22C800BBF8EC /* BaseCoordinator.swift */,
				FD0A2451286A22C800BBF8EC /* Coordinator.swift */,
			);
			path = Base;
			sourceTree = "<group>";
		};
		FD0A2456286A22FF00BBF8EC /* Router */ = {
			isa = PBXGroup;
			children = (
				FD0A2457286A22FF00BBF8EC /* NavigationRouter.swift */,
			);
			path = Router;
			sourceTree = "<group>";
		};
		FD0A245E286C6ED000BBF8EC /* View */ = {
			isa = PBXGroup;
			children = (
				FD0A245F286C6EE100BBF8EC /* TestProgressView.swift */,
				FD9E9A9F286F036F0068CADD /* TestQuestionTableViewCell.swift */,
				FD9E9AA4286F04E20068CADD /* AnswerRadioButtonGroup.swift */,
			);
			path = View;
			sourceTree = "<group>";
		};
		FD0A2461286C710400BBF8EC /* Profile */ = {
			isa = PBXGroup;
			children = (
				FD0A2463286C713500BBF8EC /* ProfileViewController.swift */,
				FD47DAE3287537CC00A216EC /* ProfileViewModel.swift */,
				FD0A2468286C9C1A00BBF8EC /* View */,
			);
			path = Profile;
			sourceTree = "<group>";
		};
		FD0A2462286C711600BBF8EC /* Tab */ = {
			isa = PBXGroup;
			children = (
				FDC73B5B28773A4F00E503F0 /* MainTabBarViewController.swift */,
				FDC73B5F28773B0000E503F0 /* MyPhysique */,
				FDC73B6628773B8E00E503F0 /* Plan */,
				FDC73B6728773B9300E503F0 /* Personal */,
			);
			path = Tab;
			sourceTree = "<group>";
		};
		FD0A2468286C9C1A00BBF8EC /* View */ = {
			isa = PBXGroup;
			children = (
				FD47DAE128733FA700A216EC /* ProfileInputView.swift */,
			);
			path = View;
			sourceTree = "<group>";
		};
		FD0A246D286E3B4B00BBF8EC /* BaseObject */ = {
			isa = PBXGroup;
			children = (
				FD9E9AA1286F03B30068CADD /* TableViewCell */,
				FD00935F28661103007FA97A /* BaseViewController.swift */,
				FD0A246B286E3B4400BBF8EC /* BaseViewModel.swift */,
			);
			path = BaseObject;
			sourceTree = "<group>";
		};
		FD47DAE528753EA000A216EC /* Manager */ = {
			isa = PBXGroup;
			children = (
				FD47DAF12875496400A216EC /* ProgressManager.swift */,
				FD47DAEC287547CA00A216EC /* ErrorHandler */,
				FD47DAE628753EBD00A216EC /* UserDefaultManager.swift */,
			);
			path = Manager;
			sourceTree = "<group>";
		};
		FD47DAE82875446B00A216EC /* Repository */ = {
			isa = PBXGroup;
			children = (
				FD62CF12287846AB00876B39 /* Questions */,
				FD47DAE92875448700A216EC /* Profile */,
			);
			path = Repository;
			sourceTree = "<group>";
		};
		FD47DAE92875448700A216EC /* Profile */ = {
			isa = PBXGroup;
			children = (
				FD47DAEA287544B300A216EC /* ProfileDomainObject.swift */,
			);
			path = Profile;
			sourceTree = "<group>";
		};
		FD47DAEC287547CA00A216EC /* ErrorHandler */ = {
			isa = PBXGroup;
			children = (
				FD47DAED287547CA00A216EC /* ErrorHandler.swift */,
				FD47DAEE287547CA00A216EC /* ErrorType.swift */,
			);
			path = ErrorHandler;
			sourceTree = "<group>";
		};
		FD62CF12287846AB00876B39 /* Questions */ = {
			isa = PBXGroup;
			children = (
				FD62CF13287846C100876B39 /* QuestionDomainObject.swift */,
				FD62CF15287846CC00876B39 /* QuestionRepository.swift */,
			);
			path = Questions;
			sourceTree = "<group>";
		};
		FD9E9AA1286F03B30068CADD /* TableViewCell */ = {
			isa = PBXGroup;
			children = (
				FD9E9AA2286F03B30068CADD /* BaseTableViewCell.swift */,
			);
			path = TableViewCell;
			sourceTree = "<group>";
		};
		FDC73B5F28773B0000E503F0 /* MyPhysique */ = {
			isa = PBXGroup;
			children = (
				FDC73B6028773B1600E503F0 /* MyPhysiqueViewController.swift */,
			);
			path = MyPhysique;
			sourceTree = "<group>";
		};
		FDC73B6628773B8E00E503F0 /* Plan */ = {
			isa = PBXGroup;
			children = (
				FDC73B6828773BA600E503F0 /* PlanViewController.swift */,
			);
			path = Plan;
			sourceTree = "<group>";
		};
		FDC73B6728773B9300E503F0 /* Personal */ = {
			isa = PBXGroup;
			children = (
				FDC73B6A28773BAF00E503F0 /* PersonalViewController.swift */,
				FDC73B6C2877413400E503F0 /* PersonalViewModel.swift */,
				FDC73B6E2877422700E503F0 /* View */,
			);
			path = Personal;
			sourceTree = "<group>";
		};
		FDC73B6E2877422700E503F0 /* View */ = {
			isa = PBXGroup;
			children = (
				FDC73B6F2877423A00E503F0 /* PersonalTableViewCell.swift */,
			);
			path = View;
			sourceTree = "<group>";
		};
		FDF9E0D72868B32200104CDC /* Test */ = {
			isa = PBXGroup;
			children = (
				FDF9E0D82868B34D00104CDC /* TestViewController.swift */,
				FD0A246E286E3B7800BBF8EC /* TestViewModel.swift */,
				FD0A245E286C6ED000BBF8EC /* View */,
			);
			path = Test;
			sourceTree = "<group>";
		};
/* End PBXGroup section */

/* Begin PBXNativeTarget section */
		FD00933A2865F66C007FA97A /* EatGreat */ = {
			isa = PBXNativeTarget;
			buildConfigurationList = FD00934F2865F66E007FA97A /* Build configuration list for PBXNativeTarget "EatGreat" */;
			buildPhases = (
				9098628B5239A8CD883044BE /* [CP] Check Pods Manifest.lock */,
				FD0093372865F66C007FA97A /* Sources */,
				FD0093382865F66C007FA97A /* Frameworks */,
				FD0093392865F66C007FA97A /* Resources */,
				10792B7F9C333CD05217E477 /* [CP] Embed Pods Frameworks */,
			);
			buildRules = (
			);
			dependencies = (
			);
			name = EatGreat;
			packageProductDependencies = (
				FD62CF082878460800876B39 /* FirebaseAnalytics */,
				FD62CF0A2878460800876B39 /* FirebaseAnalyticsSwift */,
				FD62CF0C2878460800876B39 /* FirebaseCrashlytics */,
				FD62CF0E2878460800876B39 /* FirebaseDatabase */,
				FD62CF102878460800876B39 /* FirebaseDatabaseSwift */,
				FD62CF172878471D00876B39 /* FirebaseFirestoreSwift */,
				FD62CF192878472B00876B39 /* FirebaseAuth */,
			);
			productName = EatGreat;
			productReference = FD00933B2865F66C007FA97A /* EatGreat.app */;
			productType = "com.apple.product-type.application";
		};
/* End PBXNativeTarget section */

/* Begin PBXProject section */
		FD0093332865F66C007FA97A /* Project object */ = {
			isa = PBXProject;
			attributes = {
				BuildIndependentTargetsInParallel = 1;
				LastSwiftUpdateCheck = 1340;
				LastUpgradeCheck = 1340;
				TargetAttributes = {
					FD00933A2865F66C007FA97A = {
						CreatedOnToolsVersion = 13.4;
					};
				};
			};
			buildConfigurationList = FD0093362865F66C007FA97A /* Build configuration list for PBXProject "EatGreat" */;
			compatibilityVersion = "Xcode 13.0";
			developmentRegion = en;
			hasScannedForEncodings = 0;
			knownRegions = (
				en,
				Base,
			);
			mainGroup = FD0093322865F66C007FA97A;
			packageReferences = (
				FD62CF072878460800876B39 /* XCRemoteSwiftPackageReference "firebase-ios-sdk" */,
			);
			productRefGroup = FD00933C2865F66C007FA97A /* Products */;
			projectDirPath = "";
			projectRoot = "";
			targets = (
				FD00933A2865F66C007FA97A /* EatGreat */,
			);
		};
/* End PBXProject section */

/* Begin PBXResourcesBuildPhase section */
		FD0093392865F66C007FA97A /* Resources */ = {
			isa = PBXResourcesBuildPhase;
			buildActionMask = 2147483647;
			files = (
				FD00934B2865F66E007FA97A /* LaunchScreen.storyboard in Resources */,
				FD0093482865F66E007FA97A /* Assets.xcassets in Resources */,
				FDC73B722877E0B600E503F0 /* GoogleService-Info.plist in Resources */,
			);
			runOnlyForDeploymentPostprocessing = 0;
		};
/* End PBXResourcesBuildPhase section */

/* Begin PBXShellScriptBuildPhase section */
		10792B7F9C333CD05217E477 /* [CP] Embed Pods Frameworks */ = {
			isa = PBXShellScriptBuildPhase;
			buildActionMask = 2147483647;
			files = (
			);
			inputFileListPaths = (
				"${PODS_ROOT}/Target Support Files/Pods-EatGreat/Pods-EatGreat-frameworks-${CONFIGURATION}-input-files.xcfilelist",
			);
			name = "[CP] Embed Pods Frameworks";
			outputFileListPaths = (
				"${PODS_ROOT}/Target Support Files/Pods-EatGreat/Pods-EatGreat-frameworks-${CONFIGURATION}-output-files.xcfilelist",
			);
			runOnlyForDeploymentPostprocessing = 0;
			shellPath = /bin/sh;
			shellScript = "\"${PODS_ROOT}/Target Support Files/Pods-EatGreat/Pods-EatGreat-frameworks.sh\"\n";
			showEnvVarsInLog = 0;
		};
		9098628B5239A8CD883044BE /* [CP] Check Pods Manifest.lock */ = {
			isa = PBXShellScriptBuildPhase;
			buildActionMask = 2147483647;
			files = (
			);
			inputFileListPaths = (
			);
			inputPaths = (
				"${PODS_PODFILE_DIR_PATH}/Podfile.lock",
				"${PODS_ROOT}/Manifest.lock",
			);
			name = "[CP] Check Pods Manifest.lock";
			outputFileListPaths = (
			);
			outputPaths = (
				"$(DERIVED_FILE_DIR)/Pods-EatGreat-checkManifestLockResult.txt",
			);
			runOnlyForDeploymentPostprocessing = 0;
			shellPath = /bin/sh;
			shellScript = "diff \"${PODS_PODFILE_DIR_PATH}/Podfile.lock\" \"${PODS_ROOT}/Manifest.lock\" > /dev/null\nif [ $? != 0 ] ; then\n    # print error to STDERR\n    echo \"error: The sandbox is not in sync with the Podfile.lock. Run 'pod install' or update your CocoaPods installation.\" >&2\n    exit 1\nfi\n# This output is used by Xcode 'outputs' to avoid re-running this script phase.\necho \"SUCCESS\" > \"${SCRIPT_OUTPUT_FILE_0}\"\n";
			showEnvVarsInLog = 0;
		};
/* End PBXShellScriptBuildPhase section */

/* Begin PBXSourcesBuildPhase section */
		FD0093372865F66C007FA97A /* Sources */ = {
			isa = PBXSourcesBuildPhase;
			buildActionMask = 2147483647;
			files = (
				FD47DAE728753EBD00A216EC /* UserDefaultManager.swift in Sources */,
				FD0A246F286E3B7800BBF8EC /* TestViewModel.swift in Sources */,
				FD47DAEB287544B300A216EC /* ProfileDomainObject.swift in Sources */,
				FDC73B5C28773A4F00E503F0 /* MainTabBarViewController.swift in Sources */,
				FD47DAEF287547CA00A216EC /* ErrorHandler.swift in Sources */,
				FD47DAE228733FA700A216EC /* ProfileInputView.swift in Sources */,
				FD0093562865F781007FA97A /* AppCoordinator.swift in Sources */,
				FD0A246C286E3B4400BBF8EC /* BaseViewModel.swift in Sources */,
				FD9E9AA3286F03B30068CADD /* BaseTableViewCell.swift in Sources */,
				FD0A2458286A22FF00BBF8EC /* NavigationRouter.swift in Sources */,
				FD47DAE4287537CC00A216EC /* ProfileViewModel.swift in Sources */,
				FD0A2464286C713500BBF8EC /* ProfileViewController.swift in Sources */,
				FD9E9AA0286F036F0068CADD /* TestQuestionTableViewCell.swift in Sources */,
				FD62CF14287846C100876B39 /* QuestionDomainObject.swift in Sources */,
				FD00936028661103007FA97A /* BaseViewController.swift in Sources */,
				FDC73B6128773B1600E503F0 /* MyPhysiqueViewController.swift in Sources */,
				FD0A246A286CD66A00BBF8EC /* UIStackViewExtension.swift in Sources */,
				FDC73B6D2877413400E503F0 /* PersonalViewModel.swift in Sources */,
				FD0A245D286C6D2600BBF8EC /* ArrayExtension.swift in Sources */,
				FD0A2453286A22C800BBF8EC /* Coordinator.swift in Sources */,
				FD00933F2865F66C007FA97A /* AppDelegate.swift in Sources */,
				FDC73B6328773B7300E503F0 /* PlanCoordinator.swift in Sources */,
				FD0A2460286C6EE100BBF8EC /* TestProgressView.swift in Sources */,
				FD0A244E286A191000BBF8EC /* UIViewExtension.swift in Sources */,
				FD47DAF22875496400A216EC /* ProgressManager.swift in Sources */,
				FD0A2447286A136100BBF8EC /* OnBoardingScrollIndexView.swift in Sources */,
				FD00936B28661508007FA97A /* UIFontExtension.swift in Sources */,
				FD62CF16287846CC00876B39 /* QuestionRepository.swift in Sources */,
				FD00935B2865F8AF007FA97A /* UIColorExtension.swift in Sources */,
				FDC73B6B28773BAF00E503F0 /* PersonalViewController.swift in Sources */,
				FD47DAF0287547CA00A216EC /* ErrorType.swift in Sources */,
				FD62CF1E28784EB800876B39 /* DictionaryExtension.swift in Sources */,
				FD0093622866115C007FA97A /* OnBoardingViewController.swift in Sources */,
				FD0A2445286A120C00BBF8EC /* OnBoardingScrollView.swift in Sources */,
				FD009368286611D6007FA97A /* ThemeButton.swift in Sources */,
				FDC73B5E28773ABB00E503F0 /* MyPhysiqueCoordinator.swift in Sources */,
				FDC73B702877423A00E503F0 /* PersonalTableViewCell.swift in Sources */,
				FD0A244C286A186800BBF8EC /* UIScrollViewExtension.swift in Sources */,
				FD62CF1C28784E9800876B39 /* DataSnapshotExtension.swift in Sources */,
				FDC73B6528773B8600E503F0 /* PersonalCoordinator.swift in Sources */,
				FDF9E0D92868B34D00104CDC /* TestViewController.swift in Sources */,
				FD00936D2866189B007FA97A /* UIControlExtension.swift in Sources */,
				FDC73B6928773BA600E503F0 /* PlanViewController.swift in Sources */,
				FD0A2454286A22C800BBF8EC /* BaseCoordinator.swift in Sources */,
				FD0A245A286A231F00BBF8EC /* OnBoardingCoordinator.swift in Sources */,
				FD9E9AA5286F04E20068CADD /* AnswerRadioButtonGroup.swift in Sources */,
			);
			runOnlyForDeploymentPostprocessing = 0;
		};
/* End PBXSourcesBuildPhase section */

/* Begin PBXVariantGroup section */
		FD0093492865F66E007FA97A /* LaunchScreen.storyboard */ = {
			isa = PBXVariantGroup;
			children = (
				FD00934A2865F66E007FA97A /* Base */,
			);
			name = LaunchScreen.storyboard;
			sourceTree = "<group>";
		};
/* End PBXVariantGroup section */

/* Begin XCBuildConfiguration section */
		FD00934D2865F66E007FA97A /* Debug */ = {
			isa = XCBuildConfiguration;
			buildSettings = {
				ALWAYS_SEARCH_USER_PATHS = NO;
				CLANG_ANALYZER_NONNULL = YES;
				CLANG_ANALYZER_NUMBER_OBJECT_CONVERSION = YES_AGGRESSIVE;
				CLANG_CXX_LANGUAGE_STANDARD = "gnu++17";
				CLANG_ENABLE_MODULES = YES;
				CLANG_ENABLE_OBJC_ARC = YES;
				CLANG_ENABLE_OBJC_WEAK = YES;
				CLANG_WARN_BLOCK_CAPTURE_AUTORELEASING = YES;
				CLANG_WARN_BOOL_CONVERSION = YES;
				CLANG_WARN_COMMA = YES;
				CLANG_WARN_CONSTANT_CONVERSION = YES;
				CLANG_WARN_DEPRECATED_OBJC_IMPLEMENTATIONS = YES;
				CLANG_WARN_DIRECT_OBJC_ISA_USAGE = YES_ERROR;
				CLANG_WARN_DOCUMENTATION_COMMENTS = YES;
				CLANG_WARN_EMPTY_BODY = YES;
				CLANG_WARN_ENUM_CONVERSION = YES;
				CLANG_WARN_INFINITE_RECURSION = YES;
				CLANG_WARN_INT_CONVERSION = YES;
				CLANG_WARN_NON_LITERAL_NULL_CONVERSION = YES;
				CLANG_WARN_OBJC_IMPLICIT_RETAIN_SELF = YES;
				CLANG_WARN_OBJC_LITERAL_CONVERSION = YES;
				CLANG_WARN_OBJC_ROOT_CLASS = YES_ERROR;
				CLANG_WARN_QUOTED_INCLUDE_IN_FRAMEWORK_HEADER = YES;
				CLANG_WARN_RANGE_LOOP_ANALYSIS = YES;
				CLANG_WARN_STRICT_PROTOTYPES = YES;
				CLANG_WARN_SUSPICIOUS_MOVE = YES;
				CLANG_WARN_UNGUARDED_AVAILABILITY = YES_AGGRESSIVE;
				CLANG_WARN_UNREACHABLE_CODE = YES;
				CLANG_WARN__DUPLICATE_METHOD_MATCH = YES;
				COPY_PHASE_STRIP = NO;
				DEBUG_INFORMATION_FORMAT = dwarf;
				ENABLE_STRICT_OBJC_MSGSEND = YES;
				ENABLE_TESTABILITY = YES;
				GCC_C_LANGUAGE_STANDARD = gnu11;
				GCC_DYNAMIC_NO_PIC = NO;
				GCC_NO_COMMON_BLOCKS = YES;
				GCC_OPTIMIZATION_LEVEL = 0;
				GCC_PREPROCESSOR_DEFINITIONS = (
					"DEBUG=1",
					"$(inherited)",
				);
				GCC_WARN_64_TO_32_BIT_CONVERSION = YES;
				GCC_WARN_ABOUT_RETURN_TYPE = YES_ERROR;
				GCC_WARN_UNDECLARED_SELECTOR = YES;
				GCC_WARN_UNINITIALIZED_AUTOS = YES_AGGRESSIVE;
				GCC_WARN_UNUSED_FUNCTION = YES;
				GCC_WARN_UNUSED_VARIABLE = YES;
				IPHONEOS_DEPLOYMENT_TARGET = 14.0;
				MTL_ENABLE_DEBUG_INFO = INCLUDE_SOURCE;
				MTL_FAST_MATH = YES;
				ONLY_ACTIVE_ARCH = YES;
				SDKROOT = iphoneos;
				SWIFT_ACTIVE_COMPILATION_CONDITIONS = DEBUG;
				SWIFT_OPTIMIZATION_LEVEL = "-Onone";
			};
			name = Debug;
		};
		FD00934E2865F66E007FA97A /* Release */ = {
			isa = XCBuildConfiguration;
			buildSettings = {
				ALWAYS_SEARCH_USER_PATHS = NO;
				CLANG_ANALYZER_NONNULL = YES;
				CLANG_ANALYZER_NUMBER_OBJECT_CONVERSION = YES_AGGRESSIVE;
				CLANG_CXX_LANGUAGE_STANDARD = "gnu++17";
				CLANG_ENABLE_MODULES = YES;
				CLANG_ENABLE_OBJC_ARC = YES;
				CLANG_ENABLE_OBJC_WEAK = YES;
				CLANG_WARN_BLOCK_CAPTURE_AUTORELEASING = YES;
				CLANG_WARN_BOOL_CONVERSION = YES;
				CLANG_WARN_COMMA = YES;
				CLANG_WARN_CONSTANT_CONVERSION = YES;
				CLANG_WARN_DEPRECATED_OBJC_IMPLEMENTATIONS = YES;
				CLANG_WARN_DIRECT_OBJC_ISA_USAGE = YES_ERROR;
				CLANG_WARN_DOCUMENTATION_COMMENTS = YES;
				CLANG_WARN_EMPTY_BODY = YES;
				CLANG_WARN_ENUM_CONVERSION = YES;
				CLANG_WARN_INFINITE_RECURSION = YES;
				CLANG_WARN_INT_CONVERSION = YES;
				CLANG_WARN_NON_LITERAL_NULL_CONVERSION = YES;
				CLANG_WARN_OBJC_IMPLICIT_RETAIN_SELF = YES;
				CLANG_WARN_OBJC_LITERAL_CONVERSION = YES;
				CLANG_WARN_OBJC_ROOT_CLASS = YES_ERROR;
				CLANG_WARN_QUOTED_INCLUDE_IN_FRAMEWORK_HEADER = YES;
				CLANG_WARN_RANGE_LOOP_ANALYSIS = YES;
				CLANG_WARN_STRICT_PROTOTYPES = YES;
				CLANG_WARN_SUSPICIOUS_MOVE = YES;
				CLANG_WARN_UNGUARDED_AVAILABILITY = YES_AGGRESSIVE;
				CLANG_WARN_UNREACHABLE_CODE = YES;
				CLANG_WARN__DUPLICATE_METHOD_MATCH = YES;
				COPY_PHASE_STRIP = NO;
				DEBUG_INFORMATION_FORMAT = "dwarf-with-dsym";
				ENABLE_NS_ASSERTIONS = NO;
				ENABLE_STRICT_OBJC_MSGSEND = YES;
				GCC_C_LANGUAGE_STANDARD = gnu11;
				GCC_NO_COMMON_BLOCKS = YES;
				GCC_WARN_64_TO_32_BIT_CONVERSION = YES;
				GCC_WARN_ABOUT_RETURN_TYPE = YES_ERROR;
				GCC_WARN_UNDECLARED_SELECTOR = YES;
				GCC_WARN_UNINITIALIZED_AUTOS = YES_AGGRESSIVE;
				GCC_WARN_UNUSED_FUNCTION = YES;
				GCC_WARN_UNUSED_VARIABLE = YES;
				IPHONEOS_DEPLOYMENT_TARGET = 14.0;
				MTL_ENABLE_DEBUG_INFO = NO;
				MTL_FAST_MATH = YES;
				SDKROOT = iphoneos;
				SWIFT_COMPILATION_MODE = wholemodule;
				SWIFT_OPTIMIZATION_LEVEL = "-O";
				VALIDATE_PRODUCT = YES;
			};
			name = Release;
		};
		FD0093502865F66E007FA97A /* Debug */ = {
			isa = XCBuildConfiguration;
			baseConfigurationReference = 33A89245414153DFCFD77DC8 /* Pods-EatGreat.debug.xcconfig */;
			buildSettings = {
				ASSETCATALOG_COMPILER_APPICON_NAME = AppIcon;
				ASSETCATALOG_COMPILER_GLOBAL_ACCENT_COLOR_NAME = AccentColor;
				CODE_SIGN_STYLE = Automatic;
				CURRENT_PROJECT_VERSION = 3;
				DEVELOPMENT_TEAM = FW2U3FG39U;
				GENERATE_INFOPLIST_FILE = YES;
				INFOPLIST_FILE = EatGreat/App/Config/Info.plist;
				INFOPLIST_KEY_UIApplicationSupportsIndirectInputEvents = YES;
				INFOPLIST_KEY_UILaunchStoryboardName = LaunchScreen;
				INFOPLIST_KEY_UIMainStoryboardFile = LaunchScreen;
				INFOPLIST_KEY_UISupportedInterfaceOrientations_iPad = "UIInterfaceOrientationPortrait UIInterfaceOrientationPortraitUpsideDown UIInterfaceOrientationLandscapeLeft UIInterfaceOrientationLandscapeRight";
				INFOPLIST_KEY_UISupportedInterfaceOrientations_iPhone = "UIInterfaceOrientationPortrait UIInterfaceOrientationLandscapeLeft UIInterfaceOrientationLandscapeRight";
				LD_RUNPATH_SEARCH_PATHS = (
					"$(inherited)",
					"@executable_path/Frameworks",
				);
				MARKETING_VERSION = 0.2;
				PRODUCT_BUNDLE_IDENTIFIER = com.book.eatGreat;
				PRODUCT_NAME = "$(TARGET_NAME)";
				SWIFT_EMIT_LOC_STRINGS = YES;
				SWIFT_VERSION = 5.0;
				TARGETED_DEVICE_FAMILY = "1,2";
			};
			name = Debug;
		};
		FD0093512865F66E007FA97A /* Release */ = {
			isa = XCBuildConfiguration;
			baseConfigurationReference = 82F66808DC5D2E087179383C /* Pods-EatGreat.release.xcconfig */;
			buildSettings = {
				ASSETCATALOG_COMPILER_APPICON_NAME = AppIcon;
				ASSETCATALOG_COMPILER_GLOBAL_ACCENT_COLOR_NAME = AccentColor;
				CODE_SIGN_STYLE = Automatic;
				CURRENT_PROJECT_VERSION = 3;
				DEVELOPMENT_TEAM = FW2U3FG39U;
				GENERATE_INFOPLIST_FILE = YES;
				INFOPLIST_FILE = EatGreat/App/Config/Info.plist;
				INFOPLIST_KEY_UIApplicationSupportsIndirectInputEvents = YES;
				INFOPLIST_KEY_UILaunchStoryboardName = LaunchScreen;
				INFOPLIST_KEY_UIMainStoryboardFile = LaunchScreen;
				INFOPLIST_KEY_UISupportedInterfaceOrientations_iPad = "UIInterfaceOrientationPortrait UIInterfaceOrientationPortraitUpsideDown UIInterfaceOrientationLandscapeLeft UIInterfaceOrientationLandscapeRight";
				INFOPLIST_KEY_UISupportedInterfaceOrientations_iPhone = "UIInterfaceOrientationPortrait UIInterfaceOrientationLandscapeLeft UIInterfaceOrientationLandscapeRight";
				LD_RUNPATH_SEARCH_PATHS = (
					"$(inherited)",
					"@executable_path/Frameworks",
				);
				MARKETING_VERSION = 0.2;
				PRODUCT_BUNDLE_IDENTIFIER = com.book.eatGreat;
				PRODUCT_NAME = "$(TARGET_NAME)";
				SWIFT_EMIT_LOC_STRINGS = YES;
				SWIFT_VERSION = 5.0;
				TARGETED_DEVICE_FAMILY = "1,2";
			};
			name = Release;
		};
/* End XCBuildConfiguration section */

/* Begin XCConfigurationList section */
		FD0093362865F66C007FA97A /* Build configuration list for PBXProject "EatGreat" */ = {
			isa = XCConfigurationList;
			buildConfigurations = (
				FD00934D2865F66E007FA97A /* Debug */,
				FD00934E2865F66E007FA97A /* Release */,
			);
			defaultConfigurationIsVisible = 0;
			defaultConfigurationName = Release;
		};
		FD00934F2865F66E007FA97A /* Build configuration list for PBXNativeTarget "EatGreat" */ = {
			isa = XCConfigurationList;
			buildConfigurations = (
				FD0093502865F66E007FA97A /* Debug */,
				FD0093512865F66E007FA97A /* Release */,
			);
			defaultConfigurationIsVisible = 0;
			defaultConfigurationName = Release;
		};
/* End XCConfigurationList section */

/* Begin XCRemoteSwiftPackageReference section */
		FD62CF072878460800876B39 /* XCRemoteSwiftPackageReference "firebase-ios-sdk" */ = {
			isa = XCRemoteSwiftPackageReference;
			repositoryURL = "https://github.com/firebase/firebase-ios-sdk";
			requirement = {
				kind = upToNextMajorVersion;
				minimumVersion = 9.0.0;
			};
		};
/* End XCRemoteSwiftPackageReference section */

/* Begin XCSwiftPackageProductDependency section */
		FD62CF082878460800876B39 /* FirebaseAnalytics */ = {
			isa = XCSwiftPackageProductDependency;
			package = FD62CF072878460800876B39 /* XCRemoteSwiftPackageReference "firebase-ios-sdk" */;
			productName = FirebaseAnalytics;
		};
		FD62CF0A2878460800876B39 /* FirebaseAnalyticsSwift */ = {
			isa = XCSwiftPackageProductDependency;
			package = FD62CF072878460800876B39 /* XCRemoteSwiftPackageReference "firebase-ios-sdk" */;
			productName = FirebaseAnalyticsSwift;
		};
		FD62CF0C2878460800876B39 /* FirebaseCrashlytics */ = {
			isa = XCSwiftPackageProductDependency;
			package = FD62CF072878460800876B39 /* XCRemoteSwiftPackageReference "firebase-ios-sdk" */;
			productName = FirebaseCrashlytics;
		};
		FD62CF0E2878460800876B39 /* FirebaseDatabase */ = {
			isa = XCSwiftPackageProductDependency;
			package = FD62CF072878460800876B39 /* XCRemoteSwiftPackageReference "firebase-ios-sdk" */;
			productName = FirebaseDatabase;
		};
		FD62CF102878460800876B39 /* FirebaseDatabaseSwift */ = {
			isa = XCSwiftPackageProductDependency;
			package = FD62CF072878460800876B39 /* XCRemoteSwiftPackageReference "firebase-ios-sdk" */;
			productName = FirebaseDatabaseSwift;
		};
		FD62CF172878471D00876B39 /* FirebaseFirestoreSwift */ = {
			isa = XCSwiftPackageProductDependency;
			package = FD62CF072878460800876B39 /* XCRemoteSwiftPackageReference "firebase-ios-sdk" */;
			productName = FirebaseFirestoreSwift;
		};
		FD62CF192878472B00876B39 /* FirebaseAuth */ = {
			isa = XCSwiftPackageProductDependency;
			package = FD62CF072878460800876B39 /* XCRemoteSwiftPackageReference "firebase-ios-sdk" */;
			productName = FirebaseAuth;
		};
/* End XCSwiftPackageProductDependency section */
	};
	rootObject = FD0093332865F66C007FA97A /* Project object */;
}
